
Microsoft Visual Studio Solution File, Format Version 12.00
# Visual Studio Version 17
VisualStudioVersion = 17.14.36429.23 d17.14
MinimumVisualStudioVersion = 10.0.40219.1
Project("{FAE04EC0-301F-11D3-BF4B-00C04F79EFBC}") = "WindowsFormsApp1", "WindowsFormsApp1\WindowsFormsApp1.csproj", "{D153A7BB-47CA-4537-AAD0-BD9DA62A3CC9}"
EndProject
Global
	GlobalSection(SolutionConfigurationPlatforms) = preSolution
		Debug|Any CPU = Debug|Any CPU
		Release|Any CPU = Release|Any CPU
	EndGlobalSection
	GlobalSection(ProjectConfigurationPlatforms) = postSolution
		{D153A7BB-47CA-4537-AAD0-BD9DA62A3CC9}.Debug|Any CPU.ActiveCfg = Debug|Any CPU
		{D153A7BB-47CA-4537-AAD0-BD9DA62A3CC9}.Debug|Any CPU.Build.0 = Debug|Any CPU
		{D153A7BB-47CA-4537-AAD0-BD9DA62A3CC9}.Release|Any CPU.ActiveCfg = Release|Any CPU
		{D153A7BB-47CA-4537-AAD0-BD9DA62A3CC9}.Release|Any CPU.Build.0 = Release|Any CPU
	EndGlobalSection
	GlobalSection(SolutionProperties) = preSolution
		HideSolutionNode = FALSE
	EndGlobalSection
	GlobalSection(ExtensibilityGlobals) = postSolution
		SolutionGuid = {17045D55-C77E-480B-A401-421282004B12}
	EndGlobalSection
EndGlobal
